
Microsoft Visual Studio Solution File, Format Version 12.00
# Visual Studio Version 17
VisualStudioVersion = 17.13.35919.96 d17.13
MinimumVisualStudioVersion = 10.0.40219.1
Project("{FAE04EC0-301F-11D3-BF4B-00C04F79EFBC}") = "LocadoraDeVeiculo", "LocadoraDeVeiculo\LocadoraDeVeiculo.csproj", "{F3C8FA6D-F693-45B7-8AC7-D3CC4AEC57DB}"
EndProject
Global
	GlobalSection(SolutionConfigurationPlatforms) = preSolution
		Debug|Any CPU = Debug|Any CPU
		Release|Any CPU = Release|Any CPU
	EndGlobalSection
	GlobalSection(ProjectConfigurationPlatforms) = postSolution
		{F3C8FA6D-F693-45B7-8AC7-D3CC4AEC57DB}.Debug|Any CPU.ActiveCfg = Debug|Any CPU
		{F3C8FA6D-F693-45B7-8AC7-D3CC4AEC57DB}.Debug|Any CPU.Build.0 = Debug|Any CPU
		{F3C8FA6D-F693-45B7-8AC7-D3CC4AEC57DB}.Release|Any CPU.ActiveCfg = Release|Any CPU
		{F3C8FA6D-F693-45B7-8AC7-D3CC4AEC57DB}.Release|Any CPU.Build.0 = Release|Any CPU
	EndGlobalSection
	GlobalSection(SolutionProperties) = preSolution
		HideSolutionNode = FALSE
	EndGlobalSection
	GlobalSection(ExtensibilityGlobals) = postSolution
		SolutionGuid = {83ED4C82-9816-4369-94C4-3E6359FD38D8}
	EndGlobalSection
EndGlobal
